# THIS IS AN AUTOGENERATED FILE. DO NOT EDIT THIS FILE DIRECTLY.
# yarn lockfile v1

express@^4.17.1:
  version "4.17.1"
  resolved "https://registry.yarnpkg.com/express/-/express-4.17.1.tgz#f7f7f7f7f7f7f7"
  integrity sha512-1etgxxaGEMVyA+qXbqoTjv3uP9vYuD/9a06yf+X5Mzr0aXvjAzZrjyE7xQpw6ruGNRXTSJXFx5PaLQNQNQ1A==
  dependencies:
    accepts "~1.3.7"
    array-flatten "1.1.1"
    body-parser "1.19.0"
    content-disposition "0.5.3"
    content-type "~1.0.4"
    cookie "0.4.0"
    cookie-signature "1.0.6"
    debug "2.6.9"
    depd "~1.1.2"
    encodeurl "~1.0.2"
    escape-html "~1.0.3"
    etag "~1.8.1"
    finalhandler "1.1.2"
    fresh "0.5.2"
    http-errors "1.8.0"
    merge-descriptors "1.0.1"
    methods "~1.1.2"
    mime "~1.6.0"
    mkdirp "~0.5.1"
    ms "~2.1.1"
    on-finished "~2.3.0"
    parseurl "~1.3.3"
    path-to-regexp "0.1.7"
    proxy-addr "~2.0.6"
    qs "6.7.0"
    range-parser "~1.2.1"
    send "0.17.1"
    serve-static "1.14.1"
    setprototypeof "1.1.1"
    statuses "~1.5.0"
    type-is "~1.6.18"
    utils-merge "1.0.1"
    vary "~1.1.2"

accepts@~1.3.7:
  version "1.3.7"
  resolved "https://registry.yarnpkg.com/accepts/-/accepts-1.3.7.tgz#f7f7f7f7f7f7f7"
  integrity sha512-Il80QsueztNvp1QXmyfskkFGfmqgchwitzfCMBAVykpmzXEiuoTJFAvl5W3KRX6A/yZ+bogAI/FaRwOitnOQJQ==
  dependencies:
    mime-types "~2.1.24"
    negotiator "0.6.2"

array-flatten@1.1.1:
  version "1.1.1"
  resolved "https://registry.yarnpkg.com/array-flatten/-/array-flatten-1.1.1.tgz#f7f7f7f7f7f7f7"
  integrity sha1-ml9pkFGx5wczKPKgCJaLZOopVdI=

... (and so on)
